// !$*UTF8*$!
{
	archiveVersion = 1;
	classes = {
	};
	objectVersion = 56;
	objects = {

/* Begin PBXBuildFile section */
		F15DB7D3291C080C00ED4D64 /* PokeCell.swift in Sources */ = {isa = PBXBuildFile; fileRef = F15DB7D2291C080C00ED4D64 /* PokeCell.swift */; };
		F15DB7D5291C0AF800ED4D64 /* PokeView.swift in Sources */ = {isa = PBXBuildFile; fileRef = F15DB7D4291C0AF800ED4D64 /* PokeView.swift */; };
		F15DB7D7291C826C00ED4D64 /* Pokemon.swift in Sources */ = {isa = PBXBuildFile; fileRef = F15DB7D6291C826C00ED4D64 /* Pokemon.swift */; };
		F15DB7D9291C8CAA00ED4D64 /* PokemonViewModel.swift in Sources */ = {isa = PBXBuildFile; fileRef = F15DB7D8291C8CAA00ED4D64 /* PokemonViewModel.swift */; };
		F1A9D84C291DB69700547D86 /* Kingfisher in Frameworks */ = {isa = PBXBuildFile; productRef = F1A9D84B291DB69700547D86 /* Kingfisher */; };
		F1D9F0B3291B80C600F7113D /* PokedexApp.swift in Sources */ = {isa = PBXBuildFile; fileRef = F1D9F0B2291B80C600F7113D /* PokedexApp.swift */; };
		F1D9F0B5291B80C600F7113D /* ContentView.swift in Sources */ = {isa = PBXBuildFile; fileRef = F1D9F0B4291B80C600F7113D /* ContentView.swift */; };
		F1D9F0B7291B80C800F7113D /* Assets.xcassets in Resources */ = {isa = PBXBuildFile; fileRef = F1D9F0B6291B80C800F7113D /* Assets.xcassets */; };
		F1D9F0BA291B80C800F7113D /* Preview Assets.xcassets in Resources */ = {isa = PBXBuildFile; fileRef = F1D9F0B9291B80C800F7113D /* Preview Assets.xcassets */; };
		F1D9F0C4291B80C800F7113D /* PokedexTests.swift in Sources */ = {isa = PBXBuildFile; fileRef = F1D9F0C3291B80C800F7113D /* PokedexTests.swift */; };
		F1D9F0CE291B80C800F7113D /* PokedexUITests.swift in Sources */ = {isa = PBXBuildFile; fileRef = F1D9F0CD291B80C800F7113D /* PokedexUITests.swift */; };
		F1D9F0D0291B80C800F7113D /* PokedexUITestsLaunchTests.swift in Sources */ = {isa = PBXBuildFile; fileRef = F1D9F0CF291B80C800F7113D /* PokedexUITestsLaunchTests.swift */; };
/* End PBXBuildFile section */

/* Begin PBXContainerItemProxy section */
		F1D9F0C0291B80C800F7113D /* PBXContainerItemProxy */ = {
			isa = PBXContainerItemProxy;
			containerPortal = F1D9F0A7291B80C500F7113D /* Project object */;
			proxyType = 1;
			remoteGlobalIDString = F1D9F0AE291B80C500F7113D;
			remoteInfo = Pokedex;
		};
		F1D9F0CA291B80C800F7113D /* PBXContainerItemProxy */ = {
			isa = PBXContainerItemProxy;
			containerPortal = F1D9F0A7291B80C500F7113D /* Project object */;
			proxyType = 1;
			remoteGlobalIDString = F1D9F0AE291B80C500F7113D;
			remoteInfo = Pokedex;
		};
/* End PBXContainerItemProxy section */

/* Begin PBXFileReference section */
		F15DB7D2291C080C00ED4D64 /* PokeCell.swift */ = {isa = PBXFileReference; lastKnownFileType = sourcecode.swift; path = PokeCell.swift; sourceTree = "<group>"; };
		F15DB7D4291C0AF800ED4D64 /* PokeView.swift */ = {isa = PBXFileReference; lastKnownFileType = sourcecode.swift; path = PokeView.swift; sourceTree = "<group>"; };
		F15DB7D6291C826C00ED4D64 /* Pokemon.swift */ = {isa = PBXFileReference; lastKnownFileType = sourcecode.swift; path = Pokemon.swift; sourceTree = "<group>"; };
		F15DB7D8291C8CAA00ED4D64 /* PokemonViewModel.swift */ = {isa = PBXFileReference; lastKnownFileType = sourcecode.swift; path = PokemonViewModel.swift; sourceTree = "<group>"; };
		F1D9F0AF291B80C600F7113D /* Pokedex.app */ = {isa = PBXFileReference; explicitFileType = wrapper.application; includeInIndex = 0; path = Pokedex.app; sourceTree = BUILT_PRODUCTS_DIR; };
		F1D9F0B2291B80C600F7113D /* PokedexApp.swift */ = {isa = PBXFileReference; lastKnownFileType = sourcecode.swift; path = PokedexApp.swift; sourceTree = "<group>"; };
		F1D9F0B4291B80C600F7113D /* ContentView.swift */ = {isa = PBXFileReference; lastKnownFileType = sourcecode.swift; path = ContentView.swift; sourceTree = "<group>"; };
		F1D9F0B6291B80C800F7113D /* Assets.xcassets */ = {isa = PBXFileReference; lastKnownFileType = folder.assetcatalog; path = Assets.xcassets; sourceTree = "<group>"; };
		F1D9F0B9291B80C800F7113D /* Preview Assets.xcassets */ = {isa = PBXFileReference; lastKnownFileType = folder.assetcatalog; path = "Preview Assets.xcassets"; sourceTree = "<group>"; };
		F1D9F0BF291B80C800F7113D /* PokedexTests.xctest */ = {isa = PBXFileReference; explicitFileType = wrapper.cfbundle; includeInIndex = 0; path = PokedexTests.xctest; sourceTree = BUILT_PRODUCTS_DIR; };
		F1D9F0C3291B80C800F7113D /* PokedexTests.swift */ = {isa = PBXFileReference; lastKnownFileType = sourcecode.swift; path = PokedexTests.swift; sourceTree = "<group>"; };
		F1D9F0C9291B80C800F7113D /* PokedexUITests.xctest */ = {isa = PBXFileReference; explicitFileType = wrapper.cfbundle; includeInIndex = 0; path = PokedexUITests.xctest; sourceTree = BUILT_PRODUCTS_DIR; };
		F1D9F0CD291B80C800F7113D /* PokedexUITests.swift */ = {isa = PBXFileReference; lastKnownFileType = sourcecode.swift; path = PokedexUITests.swift; sourceTree = "<group>"; };
		F1D9F0CF291B80C800F7113D /* PokedexUITestsLaunchTests.swift */ = {isa = PBXFileReference; lastKnownFileType = sourcecode.swift; path = PokedexUITestsLaunchTests.swift; sourceTree = "<group>"; };
/* End PBXFileReference section */

/* Begin PBXFrameworksBuildPhase section */
		F1D9F0AC291B80C500F7113D /* Frameworks */ = {
			isa = PBXFrameworksBuildPhase;
			buildActionMask = 2147483647;
			files = (
				F1A9D84C291DB69700547D86 /* Kingfisher in Frameworks */,
			);
			runOnlyForDeploymentPostprocessing = 0;
		};
		F1D9F0BC291B80C800F7113D /* Frameworks */ = {
			isa = PBXFrameworksBuildPhase;
			buildActionMask = 2147483647;
			files = (
			);
			runOnlyForDeploymentPostprocessing = 0;
		};
		F1D9F0C6291B80C800F7113D /* Frameworks */ = {
			isa = PBXFrameworksBuildPhase;
			buildActionMask = 2147483647;
			files = (
			);
			runOnlyForDeploymentPostprocessing = 0;
		};
/* End PBXFrameworksBuildPhase section */

/* Begin PBXGroup section */
		F15DB7CD291C07AD00ED4D64 /* Model */ = {
			isa = PBXGroup;
			children = (
				F15DB7D6291C826C00ED4D64 /* Pokemon.swift */,
			);
			path = Model;
			sourceTree = "<group>";
		};
		F15DB7CE291C07B700ED4D64 /* View */ = {
			isa = PBXGroup;
			children = (
				F15DB7D2291C080C00ED4D64 /* PokeCell.swift */,
				F15DB7D4291C0AF800ED4D64 /* PokeView.swift */,
			);
			path = View;
			sourceTree = "<group>";
		};
		F15DB7CF291C07BC00ED4D64 /* ViewModel */ = {
			isa = PBXGroup;
			children = (
				F15DB7D8291C8CAA00ED4D64 /* PokemonViewModel.swift */,
			);
			path = ViewModel;
			sourceTree = "<group>";
		};
		F1D9F0A6291B80C500F7113D = {
			isa = PBXGroup;
			children = (
				F1D9F0B1291B80C600F7113D /* Pokedex */,
				F1D9F0C2291B80C800F7113D /* PokedexTests */,
				F1D9F0CC291B80C800F7113D /* PokedexUITests */,
				F1D9F0B0291B80C600F7113D /* Products */,
			);
			sourceTree = "<group>";
		};
		F1D9F0B0291B80C600F7113D /* Products */ = {
			isa = PBXGroup;
			children = (
				F1D9F0AF291B80C600F7113D /* Pokedex.app */,
				F1D9F0BF291B80C800F7113D /* PokedexTests.xctest */,
				F1D9F0C9291B80C800F7113D /* PokedexUITests.xctest */,
			);
			name = Products;
			sourceTree = "<group>";
		};
		F1D9F0B1291B80C600F7113D /* Pokedex */ = {
			isa = PBXGroup;
			children = (
				F15DB7CF291C07BC00ED4D64 /* ViewModel */,
				F15DB7CE291C07B700ED4D64 /* View */,
				F15DB7CD291C07AD00ED4D64 /* Model */,
				F1D9F0B2291B80C600F7113D /* PokedexApp.swift */,
				F1D9F0B4291B80C600F7113D /* ContentView.swift */,
				F1D9F0B6291B80C800F7113D /* Assets.xcassets */,
				F1D9F0B8291B80C800F7113D /* Preview Content */,
			);
			path = Pokedex;
			sourceTree = "<group>";
		};
		F1D9F0B8291B80C800F7113D /* Preview Content */ = {
			isa = PBXGroup;
			children = (
				F1D9F0B9291B80C800F7113D /* Preview Assets.xcassets */,
			);
			path = "Preview Content";
			sourceTree = "<group>";
		};
		F1D9F0C2291B80C800F7113D /* PokedexTests */ = {
			isa = PBXGroup;
			children = (
				F1D9F0C3291B80C800F7113D /* PokedexTests.swift */,
			);
			path = PokedexTests;
			sourceTree = "<group>";
		};
		F1D9F0CC291B80C800F7113D /* PokedexUITests */ = {
			isa = PBXGroup;
			children = (
				F1D9F0CD291B80C800F7113D /* PokedexUITests.swift */,
				F1D9F0CF291B80C800F7113D /* PokedexUITestsLaunchTests.swift */,
			);
			path = PokedexUITests;
			sourceTree = "<group>";
		};
/* End PBXGroup section */

/* Begin PBXNativeTarget section */
		F1D9F0AE291B80C500F7113D /* Pokedex */ = {
			isa = PBXNativeTarget;
			buildConfigurationList = F1D9F0D3291B80C800F7113D /* Build configuration list for PBXNativeTarget "Pokedex" */;
			buildPhases = (
				F1D9F0AB291B80C500F7113D /* Sources */,
				F1D9F0AC291B80C500F7113D /* Frameworks */,
				F1D9F0AD291B80C500F7113D /* Resources */,
			);
			buildRules = (
			);
			dependencies = (
			);
			name = Pokedex;
			packageProductDependencies = (
				F1A9D84B291DB69700547D86 /* Kingfisher */,
			);
			productName = Pokedex;
			productReference = F1D9F0AF291B80C600F7113D /* Pokedex.app */;
			productType = "com.apple.product-type.application";
		};
		F1D9F0BE291B80C800F7113D /* PokedexTests */ = {
			isa = PBXNativeTarget;
			buildConfigurationList = F1D9F0D6291B80C800F7113D /* Build configuration list for PBXNativeTarget "PokedexTests" */;
			buildPhases = (
				F1D9F0BB291B80C800F7113D /* Sources */,
				F1D9F0BC291B80C800F7113D /* Frameworks */,
				F1D9F0BD291B80C800F7113D /* Resources */,
			);
			buildRules = (
			);
			dependencies = (
				F1D9F0C1291B80C800F7113D /* PBXTargetDependency */,
			);
			name = PokedexTests;
			productName = PokedexTests;
			productReference = F1D9F0BF291B80C800F7113D /* PokedexTests.xctest */;
			productType = "com.apple.product-type.bundle.unit-test";
		};
		F1D9F0C8291B80C800F7113D /* PokedexUITests */ = {
			isa = PBXNativeTarget;
			buildConfigurationList = F1D9F0D9291B80C800F7113D /* Build configuration list for PBXNativeTarget "PokedexUITests" */;
			buildPhases = (
				F1D9F0C5291B80C800F7113D /* Sources */,
				F1D9F0C6291B80C800F7113D /* Frameworks */,
				F1D9F0C7291B80C800F7113D /* Resources */,
			);
			buildRules = (
			);
			dependencies = (
				F1D9F0CB291B80C800F7113D /* PBXTargetDependency */,
			);
			name = PokedexUITests;
			productName = PokedexUITests;
			productReference = F1D9F0C9291B80C800F7113D /* PokedexUITests.xctest */;
			productType = "com.apple.product-type.bundle.ui-testing";
		};
/* End PBXNativeTarget section */

/* Begin PBXProject section */
		F1D9F0A7291B80C500F7113D /* Project object */ = {
			isa = PBXProject;
			attributes = {
				BuildIndependentTargetsInParallel = 1;
				LastSwiftUpdateCheck = 1410;
				LastUpgradeCheck = 1410;
				TargetAttributes = {
					F1D9F0AE291B80C500F7113D = {
						CreatedOnToolsVersion = 14.1;
					};
					F1D9F0BE291B80C800F7113D = {
						CreatedOnToolsVersion = 14.1;
						TestTargetID = F1D9F0AE291B80C500F7113D;
					};
					F1D9F0C8291B80C800F7113D = {
						CreatedOnToolsVersion = 14.1;
						TestTargetID = F1D9F0AE291B80C500F7113D;
					};
				};
			};
			buildConfigurationList = F1D9F0AA291B80C500F7113D /* Build configuration list for PBXProject "Pokedex" */;
			compatibilityVersion = "Xcode 14.0";
			developmentRegion = en;
			hasScannedForEncodings = 0;
			knownRegions = (
				en,
				Base,
			);
			mainGroup = F1D9F0A6291B80C500F7113D;
			packageReferences = (
				F1A9D84A291DB69700547D86 /* XCRemoteSwiftPackageReference "Kingfisher" */,
			);
			productRefGroup = F1D9F0B0291B80C600F7113D /* Products */;
			projectDirPath = "";
			projectRoot = "";
			targets = (
				F1D9F0AE291B80C500F7113D /* Pokedex */,
				F1D9F0BE291B80C800F7113D /* PokedexTests */,
				F1D9F0C8291B80C800F7113D /* PokedexUITests */,
			);
		};
/* End PBXProject section */

/* Begin PBXResourcesBuildPhase section */
		F1D9F0AD291B80C500F7113D /* Resources */ = {
			isa = PBXResourcesBuildPhase;
			buildActionMask = 2147483647;
			files = (
				F1D9F0BA291B80C800F7113D /* Preview Assets.xcassets in Resources */,
				F1D9F0B7291B80C800F7113D /* Assets.xcassets in Resources */,
			);
			runOnlyForDeploymentPostprocessing = 0;
		};
		F1D9F0BD291B80C800F7113D /* Resources */ = {
			isa = PBXResourcesBuildPhase;
			buildActionMask = 2147483647;
			files = (
			);
			runOnlyForDeploymentPostprocessing = 0;
		};
		F1D9F0C7291B80C800F7113D /* Resources */ = {
			isa = PBXResourcesBuildPhase;
			buildActionMask = 2147483647;
			files = (
			);
			runOnlyForDeploymentPostprocessing = 0;
		};
/* End PBXResourcesBuildPhase section */

/* Begin PBXSourcesBuildPhase section */
		F1D9F0AB291B80C500F7113D /* Sources */ = {
			isa = PBXSourcesBuildPhase;
			buildActionMask = 2147483647;
			files = (
				F15DB7D7291C826C00ED4D64 /* Pokemon.swift in Sources */,
				F15DB7D3291C080C00ED4D64 /* PokeCell.swift in Sources */,
				F15DB7D9291C8CAA00ED4D64 /* PokemonViewModel.swift in Sources */,
				F1D9F0B5291B80C600F7113D /* ContentView.swift in Sources */,
				F1D9F0B3291B80C600F7113D /* PokedexApp.swift in Sources */,
				F15DB7D5291C0AF800ED4D64 /* PokeView.swift in Sources */,
			);
			runOnlyForDeploymentPostprocessing = 0;
		};
		F1D9F0BB291B80C800F7113D /* Sources */ = {
			isa = PBXSourcesBuildPhase;
			buildActionMask = 2147483647;
			files = (
				F1D9F0C4291B80C800F7113D /* PokedexTests.swift in Sources */,
			);
			runOnlyForDeploymentPostprocessing = 0;
		};
		F1D9F0C5291B80C800F7113D /* Sources */ = {
			isa = PBXSourcesBuildPhase;
			buildActionMask = 2147483647;
			files = (
				F1D9F0CE291B80C800F7113D /* PokedexUITests.swift in Sources */,
				F1D9F0D0291B80C800F7113D /* PokedexUITestsLaunchTests.swift in Sources */,
			);
			runOnlyForDeploymentPostprocessing = 0;
		};
/* End PBXSourcesBuildPhase section */

/* Begin PBXTargetDependency section */
		F1D9F0C1291B80C800F7113D /* PBXTargetDependency */ = {
			isa = PBXTargetDependency;
			target = F1D9F0AE291B80C500F7113D /* Pokedex */;
			targetProxy = F1D9F0C0291B80C800F7113D /* PBXContainerItemProxy */;
		};
		F1D9F0CB291B80C800F7113D /* PBXTargetDependency */ = {
			isa = PBXTargetDependency;
			target = F1D9F0AE291B80C500F7113D /* Pokedex */;
			targetProxy = F1D9F0CA291B80C800F7113D /* PBXContainerItemProxy */;
		};
/* End PBXTargetDependency section */

/* Begin XCBuildConfiguration section */
		F1D9F0D1291B80C800F7113D /* Debug */ = {
			isa = XCBuildConfiguration;
			buildSettings = {
				ALWAYS_SEARCH_USER_PATHS = NO;
				CLANG_ANALYZER_NONNULL = YES;
				CLANG_ANALYZER_NUMBER_OBJECT_CONVERSION = YES_AGGRESSIVE;
				CLANG_CXX_LANGUAGE_STANDARD = "gnu++20";
				CLANG_ENABLE_MODULES = YES;
				CLANG_ENABLE_OBJC_ARC = YES;
				CLANG_ENABLE_OBJC_WEAK = YES;
				CLANG_WARN_BLOCK_CAPTURE_AUTORELEASING = YES;
				CLANG_WARN_BOOL_CONVERSION = YES;
				CLANG_WARN_COMMA = YES;
				CLANG_WARN_CONSTANT_CONVERSION = YES;
				CLANG_WARN_DEPRECATED_OBJC_IMPLEMENTATIONS = YES;
				CLANG_WARN_DIRECT_OBJC_ISA_USAGE = YES_ERROR;
				CLANG_WARN_DOCUMENTATION_COMMENTS = YES;
				CLANG_WARN_EMPTY_BODY = YES;
				CLANG_WARN_ENUM_CONVERSION = YES;
				CLANG_WARN_INFINITE_RECURSION = YES;
				CLANG_WARN_INT_CONVERSION = YES;
				CLANG_WARN_NON_LITERAL_NULL_CONVERSION = YES;
				CLANG_WARN_OBJC_IMPLICIT_RETAIN_SELF = YES;
				CLANG_WARN_OBJC_LITERAL_CONVERSION = YES;
				CLANG_WARN_OBJC_ROOT_CLASS = YES_ERROR;
				CLANG_WARN_QUOTED_INCLUDE_IN_FRAMEWORK_HEADER = YES;
				CLANG_WARN_RANGE_LOOP_ANALYSIS = YES;
				CLANG_WARN_STRICT_PROTOTYPES = YES;
				CLANG_WARN_SUSPICIOUS_MOVE = YES;
				CLANG_WARN_UNGUARDED_AVAILABILITY = YES_AGGRESSIVE;
				CLANG_WARN_UNREACHABLE_CODE = YES;
				CLANG_WARN__DUPLICATE_METHOD_MATCH = YES;
				COPY_PHASE_STRIP = NO;
				DEBUG_INFORMATION_FORMAT = dwarf;
				ENABLE_STRICT_OBJC_MSGSEND = YES;
				ENABLE_TESTABILITY = YES;
				GCC_C_LANGUAGE_STANDARD = gnu11;
				GCC_DYNAMIC_NO_PIC = NO;
				GCC_NO_COMMON_BLOCKS = YES;
				GCC_OPTIMIZATION_LEVEL = 0;
				GCC_PREPROCESSOR_DEFINITIONS = (
					"DEBUG=1",
					"$(inherited)",
				);
				GCC_WARN_64_TO_32_BIT_CONVERSION = YES;
				GCC_WARN_ABOUT_RETURN_TYPE = YES_ERROR;
				GCC_WARN_UNDECLARED_SELECTOR = YES;
				GCC_WARN_UNINITIALIZED_AUTOS = YES_AGGRESSIVE;
				GCC_WARN_UNUSED_FUNCTION = YES;
				GCC_WARN_UNUSED_VARIABLE = YES;
				IPHONEOS_DEPLOYMENT_TARGET = 16.1;
				MTL_ENABLE_DEBUG_INFO = INCLUDE_SOURCE;
				MTL_FAST_MATH = YES;
				ONLY_ACTIVE_ARCH = YES;
				SDKROOT = iphoneos;
				SWIFT_ACTIVE_COMPILATION_CONDITIONS = DEBUG;
				SWIFT_OPTIMIZATION_LEVEL = "-Onone";
			};
			name = Debug;
		};
		F1D9F0D2291B80C800F7113D /* Release */ = {
			isa = XCBuildConfiguration;
			buildSettings = {
				ALWAYS_SEARCH_USER_PATHS = NO;
				CLANG_ANALYZER_NONNULL = YES;
				CLANG_ANALYZER_NUMBER_OBJECT_CONVERSION = YES_AGGRESSIVE;
				CLANG_CXX_LANGUAGE_STANDARD = "gnu++20";
				CLANG_ENABLE_MODULES = YES;
				CLANG_ENABLE_OBJC_ARC = YES;
				CLANG_ENABLE_OBJC_WEAK = YES;
				CLANG_WARN_BLOCK_CAPTURE_AUTORELEASING = YES;
				CLANG_WARN_BOOL_CONVERSION = YES;
				CLANG_WARN_COMMA = YES;
				CLANG_WARN_CONSTANT_CONVERSION = YES;
				CLANG_WARN_DEPRECATED_OBJC_IMPLEMENTATIONS = YES;
				CLANG_WARN_DIRECT_OBJC_ISA_USAGE = YES_ERROR;
				CLANG_WARN_DOCUMENTATION_COMMENTS = YES;
				CLANG_WARN_EMPTY_BODY = YES;
				CLANG_WARN_ENUM_CONVERSION = YES;
				CLANG_WARN_INFINITE_RECURSION = YES;
				CLANG_WARN_INT_CONVERSION = YES;
				CLANG_WARN_NON_LITERAL_NULL_CONVERSION = YES;
				CLANG_WARN_OBJC_IMPLICIT_RETAIN_SELF = YES;
				CLANG_WARN_OBJC_LITERAL_CONVERSION = YES;
				CLANG_WARN_OBJC_ROOT_CLASS = YES_ERROR;
				CLANG_WARN_QUOTED_INCLUDE_IN_FRAMEWORK_HEADER = YES;
				CLANG_WARN_RANGE_LOOP_ANALYSIS = YES;
				CLANG_WARN_STRICT_PROTOTYPES = YES;
				CLANG_WARN_SUSPICIOUS_MOVE = YES;
				CLANG_WARN_UNGUARDED_AVAILABILITY = YES_AGGRESSIVE;
				CLANG_WARN_UNREACHABLE_CODE = YES;
				CLANG_WARN__DUPLICATE_METHOD_MATCH = YES;
				COPY_PHASE_STRIP = NO;
				DEBUG_INFORMATION_FORMAT = "dwarf-with-dsym";
				ENABLE_NS_ASSERTIONS = NO;
				ENABLE_STRICT_OBJC_MSGSEND = YES;
				GCC_C_LANGUAGE_STANDARD = gnu11;
				GCC_NO_COMMON_BLOCKS = YES;
				GCC_WARN_64_TO_32_BIT_CONVERSION = YES;
				GCC_WARN_ABOUT_RETURN_TYPE = YES_ERROR;
				GCC_WARN_UNDECLARED_SELECTOR = YES;
				GCC_WARN_UNINITIALIZED_AUTOS = YES_AGGRESSIVE;
				GCC_WARN_UNUSED_FUNCTION = YES;
				GCC_WARN_UNUSED_VARIABLE = YES;
				IPHONEOS_DEPLOYMENT_TARGET = 16.1;
				MTL_ENABLE_DEBUG_INFO = NO;
				MTL_FAST_MATH = YES;
				SDKROOT = iphoneos;
				SWIFT_COMPILATION_MODE = wholemodule;
				SWIFT_OPTIMIZATION_LEVEL = "-O";
				VALIDATE_PRODUCT = YES;
			};
			name = Release;
		};
		F1D9F0D4291B80C800F7113D /* Debug */ = {
			isa = XCBuildConfiguration;
			buildSettings = {
				ASSETCATALOG_COMPILER_APPICON_NAME = AppIcon;
				ASSETCATALOG_COMPILER_GLOBAL_ACCENT_COLOR_NAME = AccentColor;
				CODE_SIGN_STYLE = Automatic;
				CURRENT_PROJECT_VERSION = 1;
				DEVELOPMENT_ASSET_PATHS = "\"Pokedex/Preview Content\"";
				DEVELOPMENT_TEAM = U68QVSQX3J;
				ENABLE_PREVIEWS = YES;
				GENERATE_INFOPLIST_FILE = YES;
				INFOPLIST_KEY_UIApplicationSceneManifest_Generation = YES;
				INFOPLIST_KEY_UIApplicationSupportsIndirectInputEvents = YES;
				INFOPLIST_KEY_UILaunchScreen_Generation = YES;
				INFOPLIST_KEY_UISupportedInterfaceOrientations_iPad = "UIInterfaceOrientationPortrait UIInterfaceOrientationPortraitUpsideDown UIInterfaceOrientationLandscapeLeft UIInterfaceOrientationLandscapeRight";
				INFOPLIST_KEY_UISupportedInterfaceOrientations_iPhone = "UIInterfaceOrientationPortrait UIInterfaceOrientationLandscapeLeft UIInterfaceOrientationLandscapeRight";
				LD_RUNPATH_SEARCH_PATHS = (
					"$(inherited)",
					"@executable_path/Frameworks",
				);
				MARKETING_VERSION = 1.0;
				PRODUCT_BUNDLE_IDENTIFIER = com.verkadasample.Pokedex;
				PRODUCT_NAME = "$(TARGET_NAME)";
				SWIFT_EMIT_LOC_STRINGS = YES;
				SWIFT_VERSION = 5.0;
				TARGETED_DEVICE_FAMILY = "1,2";
			};
			name = Debug;
		};
		F1D9F0D5291B80C800F7113D /* Release */ = {
			isa = XCBuildConfiguration;
			buildSettings = {
				ASSETCATALOG_COMPILER_APPICON_NAME = AppIcon;
				ASSETCATALOG_COMPILER_GLOBAL_ACCENT_COLOR_NAME = AccentColor;
				CODE_SIGN_STYLE = Automatic;
				CURRENT_PROJECT_VERSION = 1;
				DEVELOPMENT_ASSET_PATHS = "\"Pokedex/Preview Content\"";
				DEVELOPMENT_TEAM = U68QVSQX3J;
				ENABLE_PREVIEWS = YES;
				GENERATE_INFOPLIST_FILE = YES;
				INFOPLIST_KEY_UIApplicationSceneManifest_Generation = YES;
				INFOPLIST_KEY_UIApplicationSupportsIndirectInputEvents = YES;
				INFOPLIST_KEY_UILaunchScreen_Generation = YES;
				INFOPLIST_KEY_UISupportedInterfaceOrientations_iPad = "UIInterfaceOrientationPortrait UIInterfaceOrientationPortraitUpsideDown UIInterfaceOrientationLandscapeLeft UIInterfaceOrientationLandscapeRight";
				INFOPLIST_KEY_UISupportedInterfaceOrientations_iPhone = "UIInterfaceOrientationPortrait UIInterfaceOrientationLandscapeLeft UIInterfaceOrientationLandscapeRight";
				LD_RUNPATH_SEARCH_PATHS = (
					"$(inherited)",
					"@executable_path/Frameworks",
				);
				MARKETING_VERSION = 1.0;
				PRODUCT_BUNDLE_IDENTIFIER = com.verkadasample.Pokedex;
				PRODUCT_NAME = "$(TARGET_NAME)";
				SWIFT_EMIT_LOC_STRINGS = YES;
				SWIFT_VERSION = 5.0;
				TARGETED_DEVICE_FAMILY = "1,2";
			};
			name = Release;
		};
		F1D9F0D7291B80C800F7113D /* Debug */ = {
			isa = XCBuildConfiguration;
			buildSettings = {
				ALWAYS_EMBED_SWIFT_STANDARD_LIBRARIES = YES;
				BUNDLE_LOADER = "$(TEST_HOST)";
				CODE_SIGN_STYLE = Automatic;
				CURRENT_PROJECT_VERSION = 1;
				DEVELOPMENT_TEAM = U68QVSQX3J;
				GENERATE_INFOPLIST_FILE = YES;
				IPHONEOS_DEPLOYMENT_TARGET = 16.1;
				MARKETING_VERSION = 1.0;
				PRODUCT_BUNDLE_IDENTIFIER = com.verkadasample.PokedexTests;
				PRODUCT_NAME = "$(TARGET_NAME)";
				SWIFT_EMIT_LOC_STRINGS = NO;
				SWIFT_VERSION = 5.0;
				TARGETED_DEVICE_FAMILY = "1,2";
				TEST_HOST = "$(BUILT_PRODUCTS_DIR)/Pokedex.app/$(BUNDLE_EXECUTABLE_FOLDER_PATH)/Pokedex";
			};
			name = Debug;
		};
		F1D9F0D8291B80C800F7113D /* Release */ = {
			isa = XCBuildConfiguration;
			buildSettings = {
				ALWAYS_EMBED_SWIFT_STANDARD_LIBRARIES = YES;
				BUNDLE_LOADER = "$(TEST_HOST)";
				CODE_SIGN_STYLE = Automatic;
				CURRENT_PROJECT_VERSION = 1;
				DEVELOPMENT_TEAM = U68QVSQX3J;
				GENERATE_INFOPLIST_FILE = YES;
				IPHONEOS_DEPLOYMENT_TARGET = 16.1;
				MARKETING_VERSION = 1.0;
				PRODUCT_BUNDLE_IDENTIFIER = com.verkadasample.PokedexTests;
				PRODUCT_NAME = "$(TARGET_NAME)";
				SWIFT_EMIT_LOC_STRINGS = NO;
				SWIFT_VERSION = 5.0;
				TARGETED_DEVICE_FAMILY = "1,2";
				TEST_HOST = "$(BUILT_PRODUCTS_DIR)/Pokedex.app/$(BUNDLE_EXECUTABLE_FOLDER_PATH)/Pokedex";
			};
			name = Release;
		};
		F1D9F0DA291B80C800F7113D /* Debug */ = {
			isa = XCBuildConfiguration;
			buildSettings = {
				ALWAYS_EMBED_SWIFT_STANDARD_LIBRARIES = YES;
				CODE_SIGN_STYLE = Automatic;
				CURRENT_PROJECT_VERSION = 1;
				DEVELOPMENT_TEAM = U68QVSQX3J;
				GENERATE_INFOPLIST_FILE = YES;
				MARKETING_VERSION = 1.0;
				PRODUCT_BUNDLE_IDENTIFIER = com.verkadasample.PokedexUITests;
				PRODUCT_NAME = "$(TARGET_NAME)";
				SWIFT_EMIT_LOC_STRINGS = NO;
				SWIFT_VERSION = 5.0;
				TARGETED_DEVICE_FAMILY = "1,2";
				TEST_TARGET_NAME = Pokedex;
			};
			name = Debug;
		};
		F1D9F0DB291B80C800F7113D /* Release */ = {
			isa = XCBuildConfiguration;
			buildSettings = {
				ALWAYS_EMBED_SWIFT_STANDARD_LIBRARIES = YES;
				CODE_SIGN_STYLE = Automatic;
				CURRENT_PROJECT_VERSION = 1;
				DEVELOPMENT_TEAM = U68QVSQX3J;
				GENERATE_INFOPLIST_FILE = YES;
				MARKETING_VERSION = 1.0;
				PRODUCT_BUNDLE_IDENTIFIER = com.verkadasample.PokedexUITests;
				PRODUCT_NAME = "$(TARGET_NAME)";
				SWIFT_EMIT_LOC_STRINGS = NO;
				SWIFT_VERSION = 5.0;
				TARGETED_DEVICE_FAMILY = "1,2";
				TEST_TARGET_NAME = Pokedex;
			};
			name = Release;
		};
/* End XCBuildConfiguration section */

/* Begin XCConfigurationList section */
		F1D9F0AA291B80C500F7113D /* Build configuration list for PBXProject "Pokedex" */ = {
			isa = XCConfigurationList;
			buildConfigurations = (
				F1D9F0D1291B80C800F7113D /* Debug */,
				F1D9F0D2291B80C800F7113D /* Release */,
			);
			defaultConfigurationIsVisible = 0;
			defaultConfigurationName = Release;
		};
		F1D9F0D3291B80C800F7113D /* Build configuration list for PBXNativeTarget "Pokedex" */ = {
			isa = XCConfigurationList;
			buildConfigurations = (
				F1D9F0D4291B80C800F7113D /* Debug */,
				F1D9F0D5291B80C800F7113D /* Release */,
			);
			defaultConfigurationIsVisible = 0;
			defaultConfigurationName = Release;
		};
		F1D9F0D6291B80C800F7113D /* Build configuration list for PBXNativeTarget "PokedexTests" */ = {
			isa = XCConfigurationList;
			buildConfigurations = (
				F1D9F0D7291B80C800F7113D /* Debug */,
				F1D9F0D8291B80C800F7113D /* Release */,
			);
			defaultConfigurationIsVisible = 0;
			defaultConfigurationName = Release;
		};
		F1D9F0D9291B80C800F7113D /* Build configuration list for PBXNativeTarget "PokedexUITests" */ = {
			isa = XCConfigurationList;
			buildConfigurations = (
				F1D9F0DA291B80C800F7113D /* Debug */,
				F1D9F0DB291B80C800F7113D /* Release */,
			);
			defaultConfigurationIsVisible = 0;
			defaultConfigurationName = Release;
		};
/* End XCConfigurationList section */

/* Begin XCRemoteSwiftPackageReference section */
		F1A9D84A291DB69700547D86 /* XCRemoteSwiftPackageReference "Kingfisher" */ = {
			isa = XCRemoteSwiftPackageReference;
			repositoryURL = "https://github.com/onevcat/Kingfisher";
			requirement = {
				kind = upToNextMajorVersion;
				minimumVersion = 7.0.0;
			};
		};
/* End XCRemoteSwiftPackageReference section */

/* Begin XCSwiftPackageProductDependency section */
		F1A9D84B291DB69700547D86 /* Kingfisher */ = {
			isa = XCSwiftPackageProductDependency;
			package = F1A9D84A291DB69700547D86 /* XCRemoteSwiftPackageReference "Kingfisher" */;
			productName = Kingfisher;
		};
/* End XCSwiftPackageProductDependency section */
	};
	rootObject = F1D9F0A7291B80C500F7113D /* Project object */;
}
